{
  "version": 1,
  "dependencies": {
    "net10.0-windows10.0.19041": {
      "AngleSharp": {
        "type": "Transitive",
        "resolved": "1.8.1",
        "contentHash": "fTLPBxwYK5zmt+ernY3GL1kFBDA/2Cl72hpNnMHeNceZNJ/AT7Km9CXFaMHybuEFhXDy2Dv7Bjkez5G0Z4Io4g=="
      },
      "bblanchon.PDFium.Linux": {
        "type": "Transitive",
        "resolved": "154.0.8035",
        "contentHash": "eWTK37C4KjzbcqUtfsLD4nIdUgoh4BFhrRdm4GTH0uuKa/klCZbqCBwq3Zk2uZhl06uk1r0N/e3sog0t94aPcQ=="
      },
      "bblanchon.PDFium.macOS": {
        "type": "Transitive",
        "resolved": "154.0.8035",
        "contentHash": "hKhPX5Hfn9tQUCUEgYEmO+0sZxXud/zwhCU37zXWqOcwyhWhs9Zsv7EiUKSRdJrgYrruzuJzVuFvT4W4w3xA9A=="
      },
      "bblanchon.PDFium.Win32": {
        "type": "Transitive",
        "resolved": "154.0.8035",
        "contentHash": "eBidIMvH1+76ajznz5tdMx0A/odyPLKnQaggrL5tX1+al5/JEgwVtfHyzDGfIzuYXj5MLghyb+6KS3P/JATEPw=="
      },
      "Magick.NET-Q8-x64": {
        "type": "Transitive",
        "resolved": "14.17.1",
        "contentHash": "TA87KqVVl4hYxav93fECRfvyOZPRO7gQsmpcbrgfn7aU/Qzv33IxKaDUvH3iA1I4QWc96G4T9HsjNWWIwS1a5w==",
        "dependencies": {
          "Magick.NET.Core": "14.17.1"
        }
      },
      "Magick.NET.Core": {
        "type": "Transitive",
        "resolved": "14.17.1",
        "contentHash": "4BBbU5l5DmdT9isSNGrIE/0VwAh29SoKMSDMiIvFBDqz6vQfG6EYBFJQOemdCH3xkMfesSzImOVPjnyMf/PIqA=="
      },
      "Microsoft.Web.WebView2": {
        "type": "Transitive",
        "resolved": "1.0.4191.47",
        "contentHash": "Snb6mlTpuz6ZFjWMwIdg28Xp6kAUMy3zaLUyGbFSaw+/AJKlwoX8EiaWJ1eUMfKyJHksPkFjJHl1LIB7kX+0AQ=="
      },
      "PDFiumCore": {
        "type": "Transitive",
        "resolved": "154.0.8035",
        "contentHash": "RM5FjCDJK+gdh/XV/ABC9dXuYgvhTi6lBg6O7dV7beT2XLEc8EuvPic27sm7reIiuVN7qdj0YJa2ovxPH0mFPw==",
        "dependencies": {
          "bblanchon.PDFium.Linux": "154.0.8035",
          "bblanchon.PDFium.Win32": "154.0.8035",
          "bblanchon.PDFium.macOS": "154.0.8035"
        }
      },
      "ShuiMan": {
        "type": "Project",
        "dependencies": {
          "Microsoft.Web.WebView2": "[1.0.4191.47, )",
          "ShuiMan.Core": "[1.0.0, )"
        }
      },
      "shuiman.core": {
        "type": "Project",
        "dependencies": {
          "AngleSharp": "[1.8.1, )",
          "Magick.NET-Q8-x64": "[14.17.1, )",
          "PDFiumCore": "[154.0.8035, )"
        }
      }
    },
    "net10.0-windows10.0.19041/win-x64": {
      "bblanchon.PDFium.Linux": {
        "type": "Transitive",
        "resolved": "154.0.8035",
        "contentHash": "eWTK37C4KjzbcqUtfsLD4nIdUgoh4BFhrRdm4GTH0uuKa/klCZbqCBwq3Zk2uZhl06uk1r0N/e3sog0t94aPcQ=="
      },
      "bblanchon.PDFium.macOS": {
        "type": "Transitive",
        "resolved": "154.0.8035",
        "contentHash": "hKhPX5Hfn9tQUCUEgYEmO+0sZxXud/zwhCU37zXWqOcwyhWhs9Zsv7EiUKSRdJrgYrruzuJzVuFvT4W4w3xA9A=="
      },
      "bblanchon.PDFium.Win32": {
        "type": "Transitive",
        "resolved": "154.0.8035",
        "contentHash": "eBidIMvH1+76ajznz5tdMx0A/odyPLKnQaggrL5tX1+al5/JEgwVtfHyzDGfIzuYXj5MLghyb+6KS3P/JATEPw=="
      },
      "Magick.NET-Q8-x64": {
        "type": "Transitive",
        "resolved": "14.17.1",
        "contentHash": "TA87KqVVl4hYxav93fECRfvyOZPRO7gQsmpcbrgfn7aU/Qzv33IxKaDUvH3iA1I4QWc96G4T9HsjNWWIwS1a5w==",
        "dependencies": {
          "Magick.NET.Core": "14.17.1"
        }
      },
      "Microsoft.Web.WebView2": {
        "type": "Transitive",
        "resolved": "1.0.4191.47",
        "contentHash": "Snb6mlTpuz6ZFjWMwIdg28Xp6kAUMy3zaLUyGbFSaw+/AJKlwoX8EiaWJ1eUMfKyJHksPkFjJHl1LIB7kX+0AQ=="
      }
    }
  }
}